
Microsoft Visual Studio Solution File, Format Version 12.00
# Visual Studio 15
VisualStudioVersion = 15.0.26730.8
MinimumVisualStudioVersion = 10.0.40219.1
Project("{FAE04EC0-301F-11D3-BF4B-00C04F79EFBC}") = "WebDriverLayer", "ATF\WebDriverLayer.csproj", "{3D8B3B72-AEB5-4F5C-8FA9-FC3525B90319}"
EndProject
Project("{FAE04EC0-301F-11D3-BF4B-00C04F79EFBC}") = "PageObjects", "PageObjects\PageObjects.csproj", "{B0A660BE-A194-4018-AED8-2A737F2EAF6C}"
	ProjectSection(ProjectDependencies) = postProject
		{3D8B3B72-AEB5-4F5C-8FA9-FC3525B90319} = {3D8B3B72-AEB5-4F5C-8FA9-FC3525B90319}
	EndProjectSection
EndProject
Project("{FAE04EC0-301F-11D3-BF4B-00C04F79EFBC}") = "Tests", "Tests\Tests.csproj", "{58EF7F4A-750E-4759-9717-ABCED541B69B}"
EndProject
Global
	GlobalSection(SolutionConfigurationPlatforms) = preSolution
		Debug|Any CPU = Debug|Any CPU
		Release|Any CPU = Release|Any CPU
	EndGlobalSection
	GlobalSection(ProjectConfigurationPlatforms) = postSolution
		{3D8B3B72-AEB5-4F5C-8FA9-FC3525B90319}.Debug|Any CPU.ActiveCfg = Debug|Any CPU
		{3D8B3B72-AEB5-4F5C-8FA9-FC3525B90319}.Debug|Any CPU.Build.0 = Debug|Any CPU
		{3D8B3B72-AEB5-4F5C-8FA9-FC3525B90319}.Release|Any CPU.ActiveCfg = Release|Any CPU
		{3D8B3B72-AEB5-4F5C-8FA9-FC3525B90319}.Release|Any CPU.Build.0 = Release|Any CPU
		{B0A660BE-A194-4018-AED8-2A737F2EAF6C}.Debug|Any CPU.ActiveCfg = Debug|Any CPU
		{B0A660BE-A194-4018-AED8-2A737F2EAF6C}.Debug|Any CPU.Build.0 = Debug|Any CPU
		{B0A660BE-A194-4018-AED8-2A737F2EAF6C}.Release|Any CPU.ActiveCfg = Release|Any CPU
		{B0A660BE-A194-4018-AED8-2A737F2EAF6C}.Release|Any CPU.Build.0 = Release|Any CPU
		{58EF7F4A-750E-4759-9717-ABCED541B69B}.Debug|Any CPU.ActiveCfg = Debug|Any CPU
		{58EF7F4A-750E-4759-9717-ABCED541B69B}.Debug|Any CPU.Build.0 = Debug|Any CPU
		{58EF7F4A-750E-4759-9717-ABCED541B69B}.Release|Any CPU.ActiveCfg = Release|Any CPU
		{58EF7F4A-750E-4759-9717-ABCED541B69B}.Release|Any CPU.Build.0 = Release|Any CPU
	EndGlobalSection
	GlobalSection(SolutionProperties) = preSolution
		HideSolutionNode = FALSE
	EndGlobalSection
	GlobalSection(ExtensibilityGlobals) = postSolution
		SolutionGuid = {263EA42A-D98D-49B0-BBBF-30E9D6BBAB68}
	EndGlobalSection
EndGlobal
